
Microsoft Visual Studio Solution File, Format Version 12.00
# Visual Studio Version 16
VisualStudioVersion = 16.0.30128.74
MinimumVisualStudioVersion = 10.0.40219.1
Project("{FAE04EC0-301F-11D3-BF4B-00C04F79EFBC}") = "InterviewQuestions", "InterviewQuestions\InterviewQuestions.csproj", "{45A3BAF2-9BA9-4215-B580-24379CA6922C}"
EndProject
Project("{FAE04EC0-301F-11D3-BF4B-00C04F79EFBC}") = "InterviewQuestionsTests.cs", "InterviewQuestionsTests.cs\InterviewQuestionsTests.cs.csproj", "{061D7A53-8BB1-465F-82C2-129A2E81876A}"
EndProject
Global
	GlobalSection(SolutionConfigurationPlatforms) = preSolution
		Debug|Any CPU = Debug|Any CPU
		Release|Any CPU = Release|Any CPU
	EndGlobalSection
	GlobalSection(ProjectConfigurationPlatforms) = postSolution
		{45A3BAF2-9BA9-4215-B580-24379CA6922C}.Debug|Any CPU.ActiveCfg = Debug|Any CPU
		{45A3BAF2-9BA9-4215-B580-24379CA6922C}.Debug|Any CPU.Build.0 = Debug|Any CPU
		{45A3BAF2-9BA9-4215-B580-24379CA6922C}.Release|Any CPU.ActiveCfg = Release|Any CPU
		{45A3BAF2-9BA9-4215-B580-24379CA6922C}.Release|Any CPU.Build.0 = Release|Any CPU
		{061D7A53-8BB1-465F-82C2-129A2E81876A}.Debug|Any CPU.ActiveCfg = Debug|Any CPU
		{061D7A53-8BB1-465F-82C2-129A2E81876A}.Debug|Any CPU.Build.0 = Debug|Any CPU
		{061D7A53-8BB1-465F-82C2-129A2E81876A}.Release|Any CPU.ActiveCfg = Release|Any CPU
		{061D7A53-8BB1-465F-82C2-129A2E81876A}.Release|Any CPU.Build.0 = Release|Any CPU
	EndGlobalSection
	GlobalSection(SolutionProperties) = preSolution
		HideSolutionNode = FALSE
	EndGlobalSection
	GlobalSection(ExtensibilityGlobals) = postSolution
		SolutionGuid = {3F01C31A-1EDF-4056-8041-21D31D3C3CA6}
	EndGlobalSection
EndGlobal
